// !$*UTF8*$!
{
	archiveVersion = 1;
	classes = {
	};
	objectVersion = 50;
	objects = {

/* Begin PBXBuildFile section */
		C4D6CC332116482900F2DA11 /* AudioKitUI.h in Headers */ = {isa = PBXBuildFile; fileRef = C4D6CC312116482900F2DA11 /* AudioKitUI.h */; settings = {ATTRIBUTES = (Public, ); }; };
		C4D6CC3B211648E000F2DA11 /* AudioKit.framework in Frameworks */ = {isa = PBXBuildFile; fileRef = C4D6CC3A211648DF00F2DA11 /* AudioKit.framework */; };
		C4D6CC632116494800F2DA11 /* AKPresetLoaderView.swift in Sources */ = {isa = PBXBuildFile; fileRef = C4D6CC492116494800F2DA11 /* AKPresetLoaderView.swift */; };
		C4D6CC642116494800F2DA11 /* AKDualButton.swift in Sources */ = {isa = PBXBuildFile; fileRef = C4D6CC4A2116494800F2DA11 /* AKDualButton.swift */; };
		C4D6CC652116494800F2DA11 /* AKStepper.swift in Sources */ = {isa = PBXBuildFile; fileRef = C4D6CC4B2116494800F2DA11 /* AKStepper.swift */; };
		C4D6CC662116494800F2DA11 /* AKButton.swift in Sources */ = {isa = PBXBuildFile; fileRef = C4D6CC4C2116494800F2DA11 /* AKButton.swift */; };
		C4D6CC672116494800F2DA11 /* AKRotaryKnob.swift in Sources */ = {isa = PBXBuildFile; fileRef = C4D6CC4D2116494800F2DA11 /* AKRotaryKnob.swift */; };
		C4D6CC682116494800F2DA11 /* AKTweaker.swift in Sources */ = {isa = PBXBuildFile; fileRef = C4D6CC4E2116494800F2DA11 /* AKTweaker.swift */; };
		C4D6CC692116494800F2DA11 /* AKCoarseFineSlider.swift in Sources */ = {isa = PBXBuildFile; fileRef = C4D6CC4F2116494800F2DA11 /* AKCoarseFineSlider.swift */; };
		C4D6CC6A2116494800F2DA11 /* AKSlider.swift in Sources */ = {isa = PBXBuildFile; fileRef = C4D6CC502116494800F2DA11 /* AKSlider.swift */; };
		C4D6CC6B2116494800F2DA11 /* AKLiveViewController.swift in Sources */ = {isa = PBXBuildFile; fileRef = C4D6CC512116494800F2DA11 /* AKLiveViewController.swift */; };
		C4D6CC6C2116494800F2DA11 /* AKKeyboardView.swift in Sources */ = {isa = PBXBuildFile; fileRef = C4D6CC522116494800F2DA11 /* AKKeyboardView.swift */; };
		C4D6CC6D2116494800F2DA11 /* AKTableView.swift in Sources */ = {isa = PBXBuildFile; fileRef = C4D6CC532116494800F2DA11 /* AKTableView.swift */; };
		C4D6CC6E2116494800F2DA11 /* AKPlaygroundLoop.swift in Sources */ = {isa = PBXBuildFile; fileRef = C4D6CC542116494800F2DA11 /* AKPlaygroundLoop.swift */; };
		C4D6CC6F2116494800F2DA11 /* AKResourceAudioFileLoaderView.swift in Sources */ = {isa = PBXBuildFile; fileRef = C4D6CC552116494800F2DA11 /* AKResourceAudioFileLoaderView.swift */; };
		C4D6CC702116494800F2DA11 /* AKPlaygroundView.swift in Sources */ = {isa = PBXBuildFile; fileRef = C4D6CC562116494800F2DA11 /* AKPlaygroundView.swift */; };
		C4D6CC712116494800F2DA11 /* AKTelephoneView.swift in Sources */ = {isa = PBXBuildFile; fileRef = C4D6CC572116494800F2DA11 /* AKTelephoneView.swift */; };
		C4D6CC722116494800F2DA11 /* AKPropertyControl.swift in Sources */ = {isa = PBXBuildFile; fileRef = C4D6CC582116494800F2DA11 /* AKPropertyControl.swift */; };
		C4D6CC732116494800F2DA11 /* MultitouchGestureRecognizer.swift in Sources */ = {isa = PBXBuildFile; fileRef = C4D6CC592116494800F2DA11 /* MultitouchGestureRecognizer.swift */; };
		C4D6CC742116494800F2DA11 /* AKNudger.swift in Sources */ = {isa = PBXBuildFile; fileRef = C4D6CC5A2116494800F2DA11 /* AKNudger.swift */; };
		C4D6CC752116494800F2DA11 /* AKADSRView.swift in Sources */ = {isa = PBXBuildFile; fileRef = C4D6CC5B2116494800F2DA11 /* AKADSRView.swift */; };
		C4D6CC762116494800F2DA11 /* AKNodeFFTPlot.swift in Sources */ = {isa = PBXBuildFile; fileRef = C4D6CC5D2116494800F2DA11 /* AKNodeFFTPlot.swift */; };
		C4D6CC772116494800F2DA11 /* AKRollingOutputPlot.swift in Sources */ = {isa = PBXBuildFile; fileRef = C4D6CC5E2116494800F2DA11 /* AKRollingOutputPlot.swift */; };
		C4D6CC782116494800F2DA11 /* AKOutputWaveformPlot.swift in Sources */ = {isa = PBXBuildFile; fileRef = C4D6CC5F2116494800F2DA11 /* AKOutputWaveformPlot.swift */; };
		C4D6CC792116494800F2DA11 /* AKColor.swift in Sources */ = {isa = PBXBuildFile; fileRef = C4D6CC602116494800F2DA11 /* AKColor.swift */; };
		C4D6CC7A2116494800F2DA11 /* AKNodeOutputPlot.swift in Sources */ = {isa = PBXBuildFile; fileRef = C4D6CC612116494800F2DA11 /* AKNodeOutputPlot.swift */; };
		C4D6CC7B2116494800F2DA11 /* AKView.swift in Sources */ = {isa = PBXBuildFile; fileRef = C4D6CC622116494800F2DA11 /* AKView.swift */; };
		C4D6CC9D21164A3E00F2DA11 /* EZPlot.h in Headers */ = {isa = PBXBuildFile; fileRef = C4D6CC7D21164A3E00F2DA11 /* EZPlot.h */; settings = {ATTRIBUTES = (Public, ); }; };
		C4D6CCA321164A3E00F2DA11 /* EZAudioPlot.h in Headers */ = {isa = PBXBuildFile; fileRef = C4D6CC8321164A3E00F2DA11 /* EZAudioPlot.h */; settings = {ATTRIBUTES = (Public, ); }; };
		C4D6CCA921164A3E00F2DA11 /* EZAudioPlotGL.h in Headers */ = {isa = PBXBuildFile; fileRef = C4D6CC8921164A3E00F2DA11 /* EZAudioPlotGL.h */; settings = {ATTRIBUTES = (Public, ); }; };
		C4D6CCAB21164A3E00F2DA11 /* EZAudioDisplayLink.h in Headers */ = {isa = PBXBuildFile; fileRef = C4D6CC8B21164A3E00F2DA11 /* EZAudioDisplayLink.h */; settings = {ATTRIBUTES = (Public, ); }; };
		C4D6CCAE21164A3E00F2DA11 /* EZPlot.m in Sources */ = {isa = PBXBuildFile; fileRef = C4D6CC8E21164A3E00F2DA11 /* EZPlot.m */; };
		C4D6CCAF21164A3E00F2DA11 /* EZAudioPlot.m in Sources */ = {isa = PBXBuildFile; fileRef = C4D6CC8F21164A3E00F2DA11 /* EZAudioPlot.m */; };
		C4D6CCB921164A3E00F2DA11 /* EZAudioDisplayLink.m in Sources */ = {isa = PBXBuildFile; fileRef = C4D6CC9921164A3E00F2DA11 /* EZAudioDisplayLink.m */; };
		C4D6CCBB21164A3E00F2DA11 /* EZAudioPlotGL.m in Sources */ = {isa = PBXBuildFile; fileRef = C4D6CC9B21164A3E00F2DA11 /* EZAudioPlotGL.m */; };
/* End PBXBuildFile section */

/* Begin PBXFileReference section */
		C4D6CC2E2116482900F2DA11 /* AudioKitUI.framework */ = {isa = PBXFileReference; explicitFileType = wrapper.framework; includeInIndex = 0; path = AudioKitUI.framework; sourceTree = BUILT_PRODUCTS_DIR; };
		C4D6CC312116482900F2DA11 /* AudioKitUI.h */ = {isa = PBXFileReference; lastKnownFileType = sourcecode.c.h; path = AudioKitUI.h; sourceTree = "<group>"; };
		C4D6CC322116482900F2DA11 /* Info.plist */ = {isa = PBXFileReference; lastKnownFileType = text.plist.xml; path = Info.plist; sourceTree = "<group>"; };
		C4D6CC3A211648DF00F2DA11 /* AudioKit.framework */ = {isa = PBXFileReference; lastKnownFileType = wrapper.framework; name = AudioKit.framework; path = "../Frameworks/AudioKit-iOS/AudioKit.framework"; sourceTree = "<group>"; };
		C4D6CC492116494800F2DA11 /* AKPresetLoaderView.swift */ = {isa = PBXFileReference; fileEncoding = 4; lastKnownFileType = sourcecode.swift; path = AKPresetLoaderView.swift; sourceTree = "<group>"; };
		C4D6CC4A2116494800F2DA11 /* AKDualButton.swift */ = {isa = PBXFileReference; fileEncoding = 4; lastKnownFileType = sourcecode.swift; path = AKDualButton.swift; sourceTree = "<group>"; };
		C4D6CC4B2116494800F2DA11 /* AKStepper.swift */ = {isa = PBXFileReference; fileEncoding = 4; lastKnownFileType = sourcecode.swift; path = AKStepper.swift; sourceTree = "<group>"; };
		C4D6CC4C2116494800F2DA11 /* AKButton.swift */ = {isa = PBXFileReference; fileEncoding = 4; lastKnownFileType = sourcecode.swift; path = AKButton.swift; sourceTree = "<group>"; };
		C4D6CC4D2116494800F2DA11 /* AKRotaryKnob.swift */ = {isa = PBXFileReference; fileEncoding = 4; lastKnownFileType = sourcecode.swift; path = AKRotaryKnob.swift; sourceTree = "<group>"; };
		C4D6CC4E2116494800F2DA11 /* AKTweaker.swift */ = {isa = PBXFileReference; fileEncoding = 4; lastKnownFileType = sourcecode.swift; path = AKTweaker.swift; sourceTree = "<group>"; };
		C4D6CC4F2116494800F2DA11 /* AKCoarseFineSlider.swift */ = {isa = PBXFileReference; fileEncoding = 4; lastKnownFileType = sourcecode.swift; path = AKCoarseFineSlider.swift; sourceTree = "<group>"; };
		C4D6CC502116494800F2DA11 /* AKSlider.swift */ = {isa = PBXFileReference; fileEncoding = 4; lastKnownFileType = sourcecode.swift; path = AKSlider.swift; sourceTree = "<group>"; };
		C4D6CC512116494800F2DA11 /* AKLiveViewController.swift */ = {isa = PBXFileReference; fileEncoding = 4; lastKnownFileType = sourcecode.swift; path = AKLiveViewController.swift; sourceTree = "<group>"; };
		C4D6CC522116494800F2DA11 /* AKKeyboardView.swift */ = {isa = PBXFileReference; fileEncoding = 4; lastKnownFileType = sourcecode.swift; path = AKKeyboardView.swift; sourceTree = "<group>"; };
		C4D6CC532116494800F2DA11 /* AKTableView.swift */ = {isa = PBXFileReference; fileEncoding = 4; lastKnownFileType = sourcecode.swift; path = AKTableView.swift; sourceTree = "<group>"; };
		C4D6CC542116494800F2DA11 /* AKPlaygroundLoop.swift */ = {isa = PBXFileReference; fileEncoding = 4; lastKnownFileType = sourcecode.swift; path = AKPlaygroundLoop.swift; sourceTree = "<group>"; };
		C4D6CC552116494800F2DA11 /* AKResourceAudioFileLoaderView.swift */ = {isa = PBXFileReference; fileEncoding = 4; lastKnownFileType = sourcecode.swift; path = AKResourceAudioFileLoaderView.swift; sourceTree = "<group>"; };
		C4D6CC562116494800F2DA11 /* AKPlaygroundView.swift */ = {isa = PBXFileReference; fileEncoding = 4; lastKnownFileType = sourcecode.swift; path = AKPlaygroundView.swift; sourceTree = "<group>"; };
		C4D6CC572116494800F2DA11 /* AKTelephoneView.swift */ = {isa = PBXFileReference; fileEncoding = 4; lastKnownFileType = sourcecode.swift; path = AKTelephoneView.swift; sourceTree = "<group>"; };
		C4D6CC582116494800F2DA11 /* AKPropertyControl.swift */ = {isa = PBXFileReference; fileEncoding = 4; lastKnownFileType = sourcecode.swift; path = AKPropertyControl.swift; sourceTree = "<group>"; };
		C4D6CC592116494800F2DA11 /* MultitouchGestureRecognizer.swift */ = {isa = PBXFileReference; fileEncoding = 4; lastKnownFileType = sourcecode.swift; path = MultitouchGestureRecognizer.swift; sourceTree = "<group>"; };
		C4D6CC5A2116494800F2DA11 /* AKNudger.swift */ = {isa = PBXFileReference; fileEncoding = 4; lastKnownFileType = sourcecode.swift; path = AKNudger.swift; sourceTree = "<group>"; };
		C4D6CC5B2116494800F2DA11 /* AKADSRView.swift */ = {isa = PBXFileReference; fileEncoding = 4; lastKnownFileType = sourcecode.swift; path = AKADSRView.swift; sourceTree = "<group>"; };
		C4D6CC5D2116494800F2DA11 /* AKNodeFFTPlot.swift */ = {isa = PBXFileReference; fileEncoding = 4; lastKnownFileType = sourcecode.swift; path = AKNodeFFTPlot.swift; sourceTree = "<group>"; };
		C4D6CC5E2116494800F2DA11 /* AKRollingOutputPlot.swift */ = {isa = PBXFileReference; fileEncoding = 4; lastKnownFileType = sourcecode.swift; path = AKRollingOutputPlot.swift; sourceTree = "<group>"; };
		C4D6CC5F2116494800F2DA11 /* AKOutputWaveformPlot.swift */ = {isa = PBXFileReference; fileEncoding = 4; lastKnownFileType = sourcecode.swift; path = AKOutputWaveformPlot.swift; sourceTree = "<group>"; };
		C4D6CC602116494800F2DA11 /* AKColor.swift */ = {isa = PBXFileReference; fileEncoding = 4; lastKnownFileType = sourcecode.swift; path = AKColor.swift; sourceTree = "<group>"; };
		C4D6CC612116494800F2DA11 /* AKNodeOutputPlot.swift */ = {isa = PBXFileReference; fileEncoding = 4; lastKnownFileType = sourcecode.swift; path = AKNodeOutputPlot.swift; sourceTree = "<group>"; };
		C4D6CC622116494800F2DA11 /* AKView.swift */ = {isa = PBXFileReference; fileEncoding = 4; lastKnownFileType = sourcecode.swift; path = AKView.swift; sourceTree = "<group>"; };
		C4D6CC7D21164A3E00F2DA11 /* EZPlot.h */ = {isa = PBXFileReference; fileEncoding = 4; lastKnownFileType = sourcecode.c.h; path = EZPlot.h; sourceTree = "<group>"; };
		C4D6CC8321164A3E00F2DA11 /* EZAudioPlot.h */ = {isa = PBXFileReference; fileEncoding = 4; lastKnownFileType = sourcecode.c.h; path = EZAudioPlot.h; sourceTree = "<group>"; };
		C4D6CC8921164A3E00F2DA11 /* EZAudioPlotGL.h */ = {isa = PBXFileReference; fileEncoding = 4; lastKnownFileType = sourcecode.c.h; path = EZAudioPlotGL.h; sourceTree = "<group>"; };
		C4D6CC8B21164A3E00F2DA11 /* EZAudioDisplayLink.h */ = {isa = PBXFileReference; fileEncoding = 4; lastKnownFileType = sourcecode.c.h; path = EZAudioDisplayLink.h; sourceTree = "<group>"; };
		C4D6CC8E21164A3E00F2DA11 /* EZPlot.m */ = {isa = PBXFileReference; fileEncoding = 4; lastKnownFileType = sourcecode.c.objc; path = EZPlot.m; sourceTree = "<group>"; };
		C4D6CC8F21164A3E00F2DA11 /* EZAudioPlot.m */ = {isa = PBXFileReference; fileEncoding = 4; lastKnownFileType = sourcecode.c.objc; path = EZAudioPlot.m; sourceTree = "<group>"; };
		C4D6CC9921164A3E00F2DA11 /* EZAudioDisplayLink.m */ = {isa = PBXFileReference; fileEncoding = 4; lastKnownFileType = sourcecode.c.objc; path = EZAudioDisplayLink.m; sourceTree = "<group>"; };
		C4D6CC9B21164A3E00F2DA11 /* EZAudioPlotGL.m */ = {isa = PBXFileReference; fileEncoding = 4; lastKnownFileType = sourcecode.c.objc; path = EZAudioPlotGL.m; sourceTree = "<group>"; };
/* End PBXFileReference section */

/* Begin PBXFrameworksBuildPhase section */
		C4D6CC2A2116482900F2DA11 /* Frameworks */ = {
			isa = PBXFrameworksBuildPhase;
			buildActionMask = 2147483647;
			files = (
				C4D6CC3B211648E000F2DA11 /* AudioKit.framework in Frameworks */,
			);
			runOnlyForDeploymentPostprocessing = 0;
		};
/* End PBXFrameworksBuildPhase section */

/* Begin PBXGroup section */
		C4D6CC242116482900F2DA11 = {
			isa = PBXGroup;
			children = (
				C4D6CC302116482900F2DA11 /* AudioKitUI */,
				C4D6CC2F2116482900F2DA11 /* Products */,
				C4D6CC39211648DF00F2DA11 /* Frameworks */,
			);
			sourceTree = "<group>";
		};
		C4D6CC2F2116482900F2DA11 /* Products */ = {
			isa = PBXGroup;
			children = (
				C4D6CC2E2116482900F2DA11 /* AudioKitUI.framework */,
			);
			name = Products;
			sourceTree = "<group>";
		};
		C4D6CC302116482900F2DA11 /* AudioKitUI */ = {
			isa = PBXGroup;
			children = (
				C4D6CC312116482900F2DA11 /* AudioKitUI.h */,
				C4D6CC322116482900F2DA11 /* Info.plist */,
				C4D6CC7C21164A3E00F2DA11 /* EZAudio */,
				C4D6CC5C2116494800F2DA11 /* Common */,
				C4D6CC482116494800F2DA11 /* iOS */,
			);
			path = AudioKitUI;
			sourceTree = "<group>";
		};
		C4D6CC39211648DF00F2DA11 /* Frameworks */ = {
			isa = PBXGroup;
			children = (
				C4D6CC3A211648DF00F2DA11 /* AudioKit.framework */,
			);
			name = Frameworks;
			sourceTree = "<group>";
		};
		C4D6CC482116494800F2DA11 /* iOS */ = {
			isa = PBXGroup;
			children = (
				C4D6CC492116494800F2DA11 /* AKPresetLoaderView.swift */,
				C4D6CC4A2116494800F2DA11 /* AKDualButton.swift */,
				C4D6CC4B2116494800F2DA11 /* AKStepper.swift */,
				C4D6CC4C2116494800F2DA11 /* AKButton.swift */,
				C4D6CC4D2116494800F2DA11 /* AKRotaryKnob.swift */,
				C4D6CC4E2116494800F2DA11 /* AKTweaker.swift */,
				C4D6CC4F2116494800F2DA11 /* AKCoarseFineSlider.swift */,
				C4D6CC502116494800F2DA11 /* AKSlider.swift */,
				C4D6CC512116494800F2DA11 /* AKLiveViewController.swift */,
				C4D6CC522116494800F2DA11 /* AKKeyboardView.swift */,
				C4D6CC532116494800F2DA11 /* AKTableView.swift */,
				C4D6CC542116494800F2DA11 /* AKPlaygroundLoop.swift */,
				C4D6CC552116494800F2DA11 /* AKResourceAudioFileLoaderView.swift */,
				C4D6CC562116494800F2DA11 /* AKPlaygroundView.swift */,
				C4D6CC572116494800F2DA11 /* AKTelephoneView.swift */,
				C4D6CC582116494800F2DA11 /* AKPropertyControl.swift */,
				C4D6CC592116494800F2DA11 /* MultitouchGestureRecognizer.swift */,
				C4D6CC5A2116494800F2DA11 /* AKNudger.swift */,
				C4D6CC5B2116494800F2DA11 /* AKADSRView.swift */,
			);
			path = iOS;
			sourceTree = SOURCE_ROOT;
		};
		C4D6CC5C2116494800F2DA11 /* Common */ = {
			isa = PBXGroup;
			children = (
				C4D6CC5D2116494800F2DA11 /* AKNodeFFTPlot.swift */,
				C4D6CC5E2116494800F2DA11 /* AKRollingOutputPlot.swift */,
				C4D6CC5F2116494800F2DA11 /* AKOutputWaveformPlot.swift */,
				C4D6CC602116494800F2DA11 /* AKColor.swift */,
				C4D6CC612116494800F2DA11 /* AKNodeOutputPlot.swift */,
				C4D6CC622116494800F2DA11 /* AKView.swift */,
			);
			path = Common;
			sourceTree = SOURCE_ROOT;
		};
		C4D6CC7C21164A3E00F2DA11 /* EZAudio */ = {
			isa = PBXGroup;
			children = (
				C4D6CC7D21164A3E00F2DA11 /* EZPlot.h */,
				C4D6CC8E21164A3E00F2DA11 /* EZPlot.m */,
				C4D6CC8B21164A3E00F2DA11 /* EZAudioDisplayLink.h */,
				C4D6CC9921164A3E00F2DA11 /* EZAudioDisplayLink.m */,
				C4D6CC8321164A3E00F2DA11 /* EZAudioPlot.h */,
				C4D6CC8F21164A3E00F2DA11 /* EZAudioPlot.m */,
				C4D6CC8921164A3E00F2DA11 /* EZAudioPlotGL.h */,
				C4D6CC9B21164A3E00F2DA11 /* EZAudioPlotGL.m */,
			);
			path = EZAudio;
			sourceTree = SOURCE_ROOT;
		};
/* End PBXGroup section */

/* Begin PBXHeadersBuildPhase section */
		C4D6CC2B2116482900F2DA11 /* Headers */ = {
			isa = PBXHeadersBuildPhase;
			buildActionMask = 2147483647;
			files = (
				C4D6CCA921164A3E00F2DA11 /* EZAudioPlotGL.h in Headers */,
				C4D6CC9D21164A3E00F2DA11 /* EZPlot.h in Headers */,
				C4D6CCA321164A3E00F2DA11 /* EZAudioPlot.h in Headers */,
				C4D6CCAB21164A3E00F2DA11 /* EZAudioDisplayLink.h in Headers */,
				C4D6CC332116482900F2DA11 /* AudioKitUI.h in Headers */,
			);
			runOnlyForDeploymentPostprocessing = 0;
		};
/* End PBXHeadersBuildPhase section */

/* Begin PBXNativeTarget section */
		C4D6CC2D2116482900F2DA11 /* AudioKitUI */ = {
			isa = PBXNativeTarget;
			buildConfigurationList = C4D6CC362116482900F2DA11 /* Build configuration list for PBXNativeTarget "AudioKitUI" */;
			buildPhases = (
				C4D6CC292116482900F2DA11 /* Sources */,
				C4D6CC2A2116482900F2DA11 /* Frameworks */,
				C4D6CC2B2116482900F2DA11 /* Headers */,
				C4D6CC2C2116482900F2DA11 /* Resources */,
			);
			buildRules = (
			);
			dependencies = (
			);
			name = AudioKitUI;
			productName = AudioKitUI;
			productReference = C4D6CC2E2116482900F2DA11 /* AudioKitUI.framework */;
			productType = "com.apple.product-type.framework";
		};
/* End PBXNativeTarget section */

/* Begin PBXProject section */
		C4D6CC252116482900F2DA11 /* Project object */ = {
			isa = PBXProject;
			attributes = {
				LastUpgradeCheck = 0940;
				ORGANIZATIONNAME = AudioKit;
				TargetAttributes = {
					C4D6CC2D2116482900F2DA11 = {
						CreatedOnToolsVersion = 9.4.1;
						LastSwiftMigration = 0940;
					};
				};
			};
			buildConfigurationList = C4D6CC282116482900F2DA11 /* Build configuration list for PBXProject "AudioKitUI" */;
			compatibilityVersion = "Xcode 9.3";
			developmentRegion = en;
			hasScannedForEncodings = 0;
			knownRegions = (
				en,
			);
			mainGroup = C4D6CC242116482900F2DA11;
			productRefGroup = C4D6CC2F2116482900F2DA11 /* Products */;
			projectDirPath = "";
			projectRoot = "";
			targets = (
				C4D6CC2D2116482900F2DA11 /* AudioKitUI */,
			);
		};
/* End PBXProject section */

/* Begin PBXResourcesBuildPhase section */
		C4D6CC2C2116482900F2DA11 /* Resources */ = {
			isa = PBXResourcesBuildPhase;
			buildActionMask = 2147483647;
			files = (
			);
			runOnlyForDeploymentPostprocessing = 0;
		};
/* End PBXResourcesBuildPhase section */

/* Begin PBXSourcesBuildPhase section */
		C4D6CC292116482900F2DA11 /* Sources */ = {
			isa = PBXSourcesBuildPhase;
			buildActionMask = 2147483647;
			files = (
				C4D6CC6B2116494800F2DA11 /* AKLiveViewController.swift in Sources */,
				C4D6CC6A2116494800F2DA11 /* AKSlider.swift in Sources */,
				C4D6CC6D2116494800F2DA11 /* AKTableView.swift in Sources */,
				C4D6CC7A2116494800F2DA11 /* AKNodeOutputPlot.swift in Sources */,
				C4D6CC772116494800F2DA11 /* AKRollingOutputPlot.swift in Sources */,
				C4D6CC762116494800F2DA11 /* AKNodeFFTPlot.swift in Sources */,
				C4D6CC632116494800F2DA11 /* AKPresetLoaderView.swift in Sources */,
				C4D6CC792116494800F2DA11 /* AKColor.swift in Sources */,
				C4D6CC732116494800F2DA11 /* MultitouchGestureRecognizer.swift in Sources */,
				C4D6CC722116494800F2DA11 /* AKPropertyControl.swift in Sources */,
				C4D6CC7B2116494800F2DA11 /* AKView.swift in Sources */,
				C4D6CC782116494800F2DA11 /* AKOutputWaveformPlot.swift in Sources */,
				C4D6CC6E2116494800F2DA11 /* AKPlaygroundLoop.swift in Sources */,
				C4D6CCAE21164A3E00F2DA11 /* EZPlot.m in Sources */,
				C4D6CC692116494800F2DA11 /* AKCoarseFineSlider.swift in Sources */,
				C4D6CC662116494800F2DA11 /* AKButton.swift in Sources */,
				C4D6CCAF21164A3E00F2DA11 /* EZAudioPlot.m in Sources */,
				C4D6CC752116494800F2DA11 /* AKADSRView.swift in Sources */,
				C4D6CC642116494800F2DA11 /* AKDualButton.swift in Sources */,
				C4D6CC742116494800F2DA11 /* AKNudger.swift in Sources */,
				C4D6CC682116494800F2DA11 /* AKTweaker.swift in Sources */,
				C4D6CCBB21164A3E00F2DA11 /* EZAudioPlotGL.m in Sources */,
				C4D6CC702116494800F2DA11 /* AKPlaygroundView.swift in Sources */,
				C4D6CC672116494800F2DA11 /* AKRotaryKnob.swift in Sources */,
				C4D6CCB921164A3E00F2DA11 /* EZAudioDisplayLink.m in Sources */,
				C4D6CC652116494800F2DA11 /* AKStepper.swift in Sources */,
				C4D6CC6F2116494800F2DA11 /* AKResourceAudioFileLoaderView.swift in Sources */,
				C4D6CC712116494800F2DA11 /* AKTelephoneView.swift in Sources */,
				C4D6CC6C2116494800F2DA11 /* AKKeyboardView.swift in Sources */,
			);
			runOnlyForDeploymentPostprocessing = 0;
		};
/* End PBXSourcesBuildPhase section */

/* Begin XCBuildConfiguration section */
		C4D6CC342116482900F2DA11 /* Debug */ = {
			isa = XCBuildConfiguration;
			buildSettings = {
				ALWAYS_SEARCH_USER_PATHS = NO;
				CLANG_ANALYZER_NONNULL = YES;
				CLANG_ANALYZER_NUMBER_OBJECT_CONVERSION = YES_AGGRESSIVE;
				CLANG_CXX_LANGUAGE_STANDARD = "gnu++14";
				CLANG_CXX_LIBRARY = "libc++";
				CLANG_ENABLE_MODULES = YES;
				CLANG_ENABLE_OBJC_ARC = YES;
				CLANG_ENABLE_OBJC_WEAK = YES;
				CLANG_WARN_BLOCK_CAPTURE_AUTORELEASING = YES;
				CLANG_WARN_BOOL_CONVERSION = YES;
				CLANG_WARN_COMMA = YES;
				CLANG_WARN_CONSTANT_CONVERSION = YES;
				CLANG_WARN_DEPRECATED_OBJC_IMPLEMENTATIONS = YES;
				CLANG_WARN_DIRECT_OBJC_ISA_USAGE = YES_ERROR;
				CLANG_WARN_DOCUMENTATION_COMMENTS = YES;
				CLANG_WARN_EMPTY_BODY = YES;
				CLANG_WARN_ENUM_CONVERSION = YES;
				CLANG_WARN_INFINITE_RECURSION = YES;
				CLANG_WARN_INT_CONVERSION = YES;
				CLANG_WARN_NON_LITERAL_NULL_CONVERSION = YES;
				CLANG_WARN_OBJC_IMPLICIT_RETAIN_SELF = YES;
				CLANG_WARN_OBJC_LITERAL_CONVERSION = YES;
				CLANG_WARN_OBJC_ROOT_CLASS = YES_ERROR;
				CLANG_WARN_RANGE_LOOP_ANALYSIS = YES;
				CLANG_WARN_STRICT_PROTOTYPES = YES;
				CLANG_WARN_SUSPICIOUS_MOVE = YES;
				CLANG_WARN_UNGUARDED_AVAILABILITY = YES_AGGRESSIVE;
				CLANG_WARN_UNREACHABLE_CODE = YES;
				CLANG_WARN__DUPLICATE_METHOD_MATCH = YES;
				CODE_SIGN_IDENTITY = "iPhone Developer";
				COPY_PHASE_STRIP = NO;
				CURRENT_PROJECT_VERSION = 1;
				DEBUG_INFORMATION_FORMAT = dwarf;
				ENABLE_STRICT_OBJC_MSGSEND = YES;
				ENABLE_TESTABILITY = YES;
				GCC_C_LANGUAGE_STANDARD = gnu11;
				GCC_DYNAMIC_NO_PIC = NO;
				GCC_NO_COMMON_BLOCKS = YES;
				GCC_OPTIMIZATION_LEVEL = 0;
				GCC_PREPROCESSOR_DEFINITIONS = (
					"DEBUG=1",
					"$(inherited)",
				);
				GCC_WARN_64_TO_32_BIT_CONVERSION = YES;
				GCC_WARN_ABOUT_RETURN_TYPE = YES_ERROR;
				GCC_WARN_UNDECLARED_SELECTOR = YES;
				GCC_WARN_UNINITIALIZED_AUTOS = YES_AGGRESSIVE;
				GCC_WARN_UNUSED_FUNCTION = YES;
				GCC_WARN_UNUSED_VARIABLE = YES;
				IPHONEOS_DEPLOYMENT_TARGET = 11.4;
				MTL_ENABLE_DEBUG_INFO = YES;
				ONLY_ACTIVE_ARCH = YES;
				SDKROOT = iphoneos;
				SWIFT_ACTIVE_COMPILATION_CONDITIONS = DEBUG;
				SWIFT_OPTIMIZATION_LEVEL = "-Onone";
				VERSIONING_SYSTEM = "apple-generic";
				VERSION_INFO_PREFIX = "";
			};
			name = Debug;
		};
		C4D6CC352116482900F2DA11 /* Release */ = {
			isa = XCBuildConfiguration;
			buildSettings = {
				ALWAYS_SEARCH_USER_PATHS = NO;
				CLANG_ANALYZER_NONNULL = YES;
				CLANG_ANALYZER_NUMBER_OBJECT_CONVERSION = YES_AGGRESSIVE;
				CLANG_CXX_LANGUAGE_STANDARD = "gnu++14";
				CLANG_CXX_LIBRARY = "libc++";
				CLANG_ENABLE_MODULES = YES;
				CLANG_ENABLE_OBJC_ARC = YES;
				CLANG_ENABLE_OBJC_WEAK = YES;
				CLANG_WARN_BLOCK_CAPTURE_AUTORELEASING = YES;
				CLANG_WARN_BOOL_CONVERSION = YES;
				CLANG_WARN_COMMA = YES;
				CLANG_WARN_CONSTANT_CONVERSION = YES;
				CLANG_WARN_DEPRECATED_OBJC_IMPLEMENTATIONS = YES;
				CLANG_WARN_DIRECT_OBJC_ISA_USAGE = YES_ERROR;
				CLANG_WARN_DOCUMENTATION_COMMENTS = YES;
				CLANG_WARN_EMPTY_BODY = YES;
				CLANG_WARN_ENUM_CONVERSION = YES;
				CLANG_WARN_INFINITE_RECURSION = YES;
				CLANG_WARN_INT_CONVERSION = YES;
				CLANG_WARN_NON_LITERAL_NULL_CONVERSION = YES;
				CLANG_WARN_OBJC_IMPLICIT_RETAIN_SELF = YES;
				CLANG_WARN_OBJC_LITERAL_CONVERSION = YES;
				CLANG_WARN_OBJC_ROOT_CLASS = YES_ERROR;
				CLANG_WARN_RANGE_LOOP_ANALYSIS = YES;
				CLANG_WARN_STRICT_PROTOTYPES = YES;
				CLANG_WARN_SUSPICIOUS_MOVE = YES;
				CLANG_WARN_UNGUARDED_AVAILABILITY = YES_AGGRESSIVE;
				CLANG_WARN_UNREACHABLE_CODE = YES;
				CLANG_WARN__DUPLICATE_METHOD_MATCH = YES;
				CODE_SIGN_IDENTITY = "iPhone Developer";
				COPY_PHASE_STRIP = NO;
				CURRENT_PROJECT_VERSION = 1;
				DEBUG_INFORMATION_FORMAT = "dwarf-with-dsym";
				ENABLE_NS_ASSERTIONS = NO;
				ENABLE_STRICT_OBJC_MSGSEND = YES;
				GCC_C_LANGUAGE_STANDARD = gnu11;
				GCC_NO_COMMON_BLOCKS = YES;
				GCC_WARN_64_TO_32_BIT_CONVERSION = YES;
				GCC_WARN_ABOUT_RETURN_TYPE = YES_ERROR;
				GCC_WARN_UNDECLARED_SELECTOR = YES;
				GCC_WARN_UNINITIALIZED_AUTOS = YES_AGGRESSIVE;
				GCC_WARN_UNUSED_FUNCTION = YES;
				GCC_WARN_UNUSED_VARIABLE = YES;
				IPHONEOS_DEPLOYMENT_TARGET = 11.4;
				MTL_ENABLE_DEBUG_INFO = NO;
				SDKROOT = iphoneos;
				SWIFT_COMPILATION_MODE = wholemodule;
				SWIFT_OPTIMIZATION_LEVEL = "-O";
				VALIDATE_PRODUCT = YES;
				VERSIONING_SYSTEM = "apple-generic";
				VERSION_INFO_PREFIX = "";
			};
			name = Release;
		};
		C4D6CC372116482900F2DA11 /* Debug */ = {
			isa = XCBuildConfiguration;
			buildSettings = {
				CLANG_ENABLE_MODULES = YES;
				CODE_SIGN_IDENTITY = "";
				CODE_SIGN_STYLE = Automatic;
				DEFINES_MODULE = YES;
				DEVELOPMENT_TEAM = "";
				DYLIB_COMPATIBILITY_VERSION = 1;
				DYLIB_CURRENT_VERSION = 1;
				DYLIB_INSTALL_NAME_BASE = "@rpath";
				FRAMEWORK_SEARCH_PATHS = "$(SRCROOT)/../Frameworks/AudioKit-iOS/";
				INFOPLIST_FILE = AudioKitUI/Info.plist;
				INSTALL_PATH = "$(LOCAL_LIBRARY_DIR)/Frameworks";
				IPHONEOS_DEPLOYMENT_TARGET = 9.0;
				LD_RUNPATH_SEARCH_PATHS = (
					"$(inherited)",
					"@executable_path/Frameworks",
					"@loader_path/Frameworks",
				);
				OTHER_LDFLAGS = "-lstdc++";
				PRODUCT_BUNDLE_IDENTIFIER = io.audiokit.AudioKitUI;
				PRODUCT_NAME = "$(TARGET_NAME:c99extidentifier)";
				SKIP_INSTALL = YES;
				SWIFT_OPTIMIZATION_LEVEL = "-Onone";
				SWIFT_VERSION = 4.0;
				TARGETED_DEVICE_FAMILY = "1,2";
			};
			name = Debug;
		};
		C4D6CC382116482900F2DA11 /* Release */ = {
			isa = XCBuildConfiguration;
			buildSettings = {
				CLANG_ENABLE_MODULES = YES;
				CODE_SIGN_IDENTITY = "";
				CODE_SIGN_STYLE = Automatic;
				DEFINES_MODULE = YES;
				DEVELOPMENT_TEAM = "";
				DYLIB_COMPATIBILITY_VERSION = 1;
				DYLIB_CURRENT_VERSION = 1;
				DYLIB_INSTALL_NAME_BASE = "@rpath";
				FRAMEWORK_SEARCH_PATHS = "$(SRCROOT)/../Frameworks/AudioKit-iOS/";
				INFOPLIST_FILE = AudioKitUI/Info.plist;
				INSTALL_PATH = "$(LOCAL_LIBRARY_DIR)/Frameworks";
				IPHONEOS_DEPLOYMENT_TARGET = 9.0;
				LD_RUNPATH_SEARCH_PATHS = (
					"$(inherited)",
					"@executable_path/Frameworks",
					"@loader_path/Frameworks",
				);
				OTHER_LDFLAGS = "-lstdc++";
				PRODUCT_BUNDLE_IDENTIFIER = io.audiokit.AudioKitUI;
				PRODUCT_NAME = "$(TARGET_NAME:c99extidentifier)";
				SKIP_INSTALL = YES;
				SWIFT_VERSION = 4.0;
				TARGETED_DEVICE_FAMILY = "1,2";
			};
			name = Release;
		};
/* End XCBuildConfiguration section */

/* Begin XCConfigurationList section */
		C4D6CC282116482900F2DA11 /* Build configuration list for PBXProject "AudioKitUI" */ = {
			isa = XCConfigurationList;
			buildConfigurations = (
				C4D6CC342116482900F2DA11 /* Debug */,
				C4D6CC352116482900F2DA11 /* Release */,
			);
			defaultConfigurationIsVisible = 0;
			defaultConfigurationName = Release;
		};
		C4D6CC362116482900F2DA11 /* Build configuration list for PBXNativeTarget "AudioKitUI" */ = {
			isa = XCConfigurationList;
			buildConfigurations = (
				C4D6CC372116482900F2DA11 /* Debug */,
				C4D6CC382116482900F2DA11 /* Release */,
			);
			defaultConfigurationIsVisible = 0;
			defaultConfigurationName = Release;
		};
/* End XCConfigurationList section */
	};
	rootObject = C4D6CC252116482900F2DA11 /* Project object */;
}
